// !$*UTF8*$!
{
	archiveVersion = 1;
	classes = {
	};
	objectVersion = 48;
	objects = {

/* Begin PBXBuildFile section */
		CA327D38204F3DC50076C9F0 /* AppDelegate.swift in Sources */ = {isa = PBXBuildFile; fileRef = CA327D37204F3DC50076C9F0 /* AppDelegate.swift */; };
		CA327D3A204F3DC50076C9F0 /* MainVC.swift in Sources */ = {isa = PBXBuildFile; fileRef = CA327D39204F3DC50076C9F0 /* MainVC.swift */; };
		CA327D3D204F3DC50076C9F0 /* Main.storyboard in Resources */ = {isa = PBXBuildFile; fileRef = CA327D3B204F3DC50076C9F0 /* Main.storyboard */; };
		CA327D3F204F3DC50076C9F0 /* Assets.xcassets in Resources */ = {isa = PBXBuildFile; fileRef = CA327D3E204F3DC50076C9F0 /* Assets.xcassets */; };
		CA327D42204F3DC50076C9F0 /* LaunchScreen.storyboard in Resources */ = {isa = PBXBuildFile; fileRef = CA327D40204F3DC50076C9F0 /* LaunchScreen.storyboard */; };
		CA327D4A204F40080076C9F0 /* data.json in Resources */ = {isa = PBXBuildFile; fileRef = CA327D49204F40080076C9F0 /* data.json */; };
		CA327D4C204F44030076C9F0 /* MainTVCell.swift in Sources */ = {isa = PBXBuildFile; fileRef = CA327D4B204F44030076C9F0 /* MainTVCell.swift */; };
		CAF15BFD204F520C00F9B6B0 /* AddVC.swift in Sources */ = {isa = PBXBuildFile; fileRef = CAF15BFC204F520C00F9B6B0 /* AddVC.swift */; };
/* End PBXBuildFile section */

/* Begin PBXFileReference section */
		CA327D34204F3DC50076C9F0 /* MedVents.app */ = {isa = PBXFileReference; explicitFileType = wrapper.application; includeInIndex = 0; path = MedVents.app; sourceTree = BUILT_PRODUCTS_DIR; };
		CA327D37204F3DC50076C9F0 /* AppDelegate.swift */ = {isa = PBXFileReference; lastKnownFileType = sourcecode.swift; path = AppDelegate.swift; sourceTree = "<group>"; };
		CA327D39204F3DC50076C9F0 /* MainVC.swift */ = {isa = PBXFileReference; lastKnownFileType = sourcecode.swift; path = MainVC.swift; sourceTree = "<group>"; };
		CA327D3C204F3DC50076C9F0 /* Base */ = {isa = PBXFileReference; lastKnownFileType = file.storyboard; name = Base; path = Base.lproj/Main.storyboard; sourceTree = "<group>"; };
		CA327D3E204F3DC50076C9F0 /* Assets.xcassets */ = {isa = PBXFileReference; lastKnownFileType = folder.assetcatalog; path = Assets.xcassets; sourceTree = "<group>"; };
		CA327D41204F3DC50076C9F0 /* Base */ = {isa = PBXFileReference; lastKnownFileType = file.storyboard; name = Base; path = Base.lproj/LaunchScreen.storyboard; sourceTree = "<group>"; };
		CA327D43204F3DC50076C9F0 /* Info.plist */ = {isa = PBXFileReference; lastKnownFileType = text.plist.xml; path = Info.plist; sourceTree = "<group>"; };
		CA327D49204F40080076C9F0 /* data.json */ = {isa = PBXFileReference; fileEncoding = 4; lastKnownFileType = text.json; path = data.json; sourceTree = "<group>"; };
		CA327D4B204F44030076C9F0 /* MainTVCell.swift */ = {isa = PBXFileReference; lastKnownFileType = sourcecode.swift; path = MainTVCell.swift; sourceTree = "<group>"; };
		CAF15BFC204F520C00F9B6B0 /* AddVC.swift */ = {isa = PBXFileReference; lastKnownFileType = sourcecode.swift; path = AddVC.swift; sourceTree = "<group>"; };
/* End PBXFileReference section */

/* Begin PBXFrameworksBuildPhase section */
		CA327D31204F3DC50076C9F0 /* Frameworks */ = {
			isa = PBXFrameworksBuildPhase;
			buildActionMask = 2147483647;
			files = (
			);
			runOnlyForDeploymentPostprocessing = 0;
		};
/* End PBXFrameworksBuildPhase section */

/* Begin PBXGroup section */
		CA327D2B204F3DC50076C9F0 = {
			isa = PBXGroup;
			children = (
				CA327D36204F3DC50076C9F0 /* MedVents */,
				CA327D35204F3DC50076C9F0 /* Products */,
			);
			sourceTree = "<group>";
		};
		CA327D35204F3DC50076C9F0 /* Products */ = {
			isa = PBXGroup;
			children = (
				CA327D34204F3DC50076C9F0 /* MedVents.app */,
			);
			name = Products;
			sourceTree = "<group>";
		};
		CA327D36204F3DC50076C9F0 /* MedVents */ = {
			isa = PBXGroup;
			children = (
				CA327D37204F3DC50076C9F0 /* AppDelegate.swift */,
				CA327D39204F3DC50076C9F0 /* MainVC.swift */,
				CA327D3B204F3DC50076C9F0 /* Main.storyboard */,
				CAF15BFC204F520C00F9B6B0 /* AddVC.swift */,
				CA327D4B204F44030076C9F0 /* MainTVCell.swift */,
				CA327D3E204F3DC50076C9F0 /* Assets.xcassets */,
				CA327D49204F40080076C9F0 /* data.json */,
				CA327D40204F3DC50076C9F0 /* LaunchScreen.storyboard */,
				CA327D43204F3DC50076C9F0 /* Info.plist */,
			);
			path = MedVents;
			sourceTree = "<group>";
		};
/* End PBXGroup section */

/* Begin PBXNativeTarget section */
		CA327D33204F3DC50076C9F0 /* MedVents */ = {
			isa = PBXNativeTarget;
			buildConfigurationList = CA327D46204F3DC50076C9F0 /* Build configuration list for PBXNativeTarget "MedVents" */;
			buildPhases = (
				CA327D30204F3DC50076C9F0 /* Sources */,
				CA327D31204F3DC50076C9F0 /* Frameworks */,
				CA327D32204F3DC50076C9F0 /* Resources */,
			);
			buildRules = (
			);
			dependencies = (
			);
			name = MedVents;
			productName = MedVents;
			productReference = CA327D34204F3DC50076C9F0 /* MedVents.app */;
			productType = "com.apple.product-type.application";
		};
/* End PBXNativeTarget section */

/* Begin PBXProject section */
		CA327D2C204F3DC50076C9F0 /* Project object */ = {
			isa = PBXProject;
			attributes = {
				LastSwiftUpdateCheck = 0920;
				LastUpgradeCheck = 0920;
				ORGANIZATIONNAME = "Def Labs";
				TargetAttributes = {
					CA327D33204F3DC50076C9F0 = {
						CreatedOnToolsVersion = 9.2;
						ProvisioningStyle = Automatic;
					};
				};
			};
			buildConfigurationList = CA327D2F204F3DC50076C9F0 /* Build configuration list for PBXProject "MedVents" */;
			compatibilityVersion = "Xcode 8.0";
			developmentRegion = en;
			hasScannedForEncodings = 0;
			knownRegions = (
				en,
				Base,
			);
			mainGroup = CA327D2B204F3DC50076C9F0;
			productRefGroup = CA327D35204F3DC50076C9F0 /* Products */;
			projectDirPath = "";
			projectRoot = "";
			targets = (
				CA327D33204F3DC50076C9F0 /* MedVents */,
			);
		};
/* End PBXProject section */

/* Begin PBXResourcesBuildPhase section */
		CA327D32204F3DC50076C9F0 /* Resources */ = {
			isa = PBXResourcesBuildPhase;
			buildActionMask = 2147483647;
			files = (
				CA327D42204F3DC50076C9F0 /* LaunchScreen.storyboard in Resources */,
				CA327D4A204F40080076C9F0 /* data.json in Resources */,
				CA327D3F204F3DC50076C9F0 /* Assets.xcassets in Resources */,
				CA327D3D204F3DC50076C9F0 /* Main.storyboard in Resources */,
			);
			runOnlyForDeploymentPostprocessing = 0;
		};
/* End PBXResourcesBuildPhase section */

/* Begin PBXSourcesBuildPhase section */
		CA327D30204F3DC50076C9F0 /* Sources */ = {
			isa = PBXSourcesBuildPhase;
			buildActionMask = 2147483647;
			files = (
				CAF15BFD204F520C00F9B6B0 /* AddVC.swift in Sources */,
				CA327D3A204F3DC50076C9F0 /* MainVC.swift in Sources */,
				CA327D4C204F44030076C9F0 /* MainTVCell.swift in Sources */,
				CA327D38204F3DC50076C9F0 /* AppDelegate.swift in Sources */,
			);
			runOnlyForDeploymentPostprocessing = 0;
		};
/* End PBXSourcesBuildPhase section */

/* Begin PBXVariantGroup section */
		CA327D3B204F3DC50076C9F0 /* Main.storyboard */ = {
			isa = PBXVariantGroup;
			children = (
				CA327D3C204F3DC50076C9F0 /* Base */,
			);
			name = Main.storyboard;
			sourceTree = "<group>";
		};
		CA327D40204F3DC50076C9F0 /* LaunchScreen.storyboard */ = {
			isa = PBXVariantGroup;
			children = (
				CA327D41204F3DC50076C9F0 /* Base */,
			);
			name = LaunchScreen.storyboard;
			sourceTree = "<group>";
		};
/* End PBXVariantGroup section */

/* Begin XCBuildConfiguration section */
		CA327D44204F3DC50076C9F0 /* Debug */ = {
			isa = XCBuildConfiguration;
			buildSettings = {
				ALWAYS_SEARCH_USER_PATHS = NO;
				CLANG_ANALYZER_NONNULL = YES;
				CLANG_ANALYZER_NUMBER_OBJECT_CONVERSION = YES_AGGRESSIVE;
				CLANG_CXX_LANGUAGE_STANDARD = "gnu++14";
				CLANG_CXX_LIBRARY = "libc++";
				CLANG_ENABLE_MODULES = YES;
				CLANG_ENABLE_OBJC_ARC = YES;
				CLANG_WARN_BLOCK_CAPTURE_AUTORELEASING = YES;
				CLANG_WARN_BOOL_CONVERSION = YES;
				CLANG_WARN_COMMA = YES;
				CLANG_WARN_CONSTANT_CONVERSION = YES;
				CLANG_WARN_DIRECT_OBJC_ISA_USAGE = YES_ERROR;
				CLANG_WARN_DOCUMENTATION_COMMENTS = YES;
				CLANG_WARN_EMPTY_BODY = YES;
				CLANG_WARN_ENUM_CONVERSION = YES;
				CLANG_WARN_INFINITE_RECURSION = YES;
				CLANG_WARN_INT_CONVERSION = YES;
				CLANG_WARN_NON_LITERAL_NULL_CONVERSION = YES;
				CLANG_WARN_OBJC_LITERAL_CONVERSION = YES;
				CLANG_WARN_OBJC_ROOT_CLASS = YES_ERROR;
				CLANG_WARN_RANGE_LOOP_ANALYSIS = YES;
				CLANG_WARN_STRICT_PROTOTYPES = YES;
				CLANG_WARN_SUSPICIOUS_MOVE = YES;
				CLANG_WARN_UNGUARDED_AVAILABILITY = YES_AGGRESSIVE;
				CLANG_WARN_UNREACHABLE_CODE = YES;
				CLANG_WARN__DUPLICATE_METHOD_MATCH = YES;
				CODE_SIGN_IDENTITY = "iPhone Developer";
				COPY_PHASE_STRIP = NO;
				DEBUG_INFORMATION_FORMAT = dwarf;
				ENABLE_STRICT_OBJC_MSGSEND = YES;
				ENABLE_TESTABILITY = YES;
				GCC_C_LANGUAGE_STANDARD = gnu11;
				GCC_DYNAMIC_NO_PIC = NO;
				GCC_NO_COMMON_BLOCKS = YES;
				GCC_OPTIMIZATION_LEVEL = 0;
				GCC_PREPROCESSOR_DEFINITIONS = (
					"DEBUG=1",
					"$(inherited)",
				);
				GCC_WARN_64_TO_32_BIT_CONVERSION = YES;
				GCC_WARN_ABOUT_RETURN_TYPE = YES_ERROR;
				GCC_WARN_UNDECLARED_SELECTOR = YES;
				GCC_WARN_UNINITIALIZED_AUTOS = YES_AGGRESSIVE;
				GCC_WARN_UNUSED_FUNCTION = YES;
				GCC_WARN_UNUSED_VARIABLE = YES;
				IPHONEOS_DEPLOYMENT_TARGET = 11.2;
				MTL_ENABLE_DEBUG_INFO = YES;
				ONLY_ACTIVE_ARCH = YES;
				SDKROOT = iphoneos;
				SWIFT_ACTIVE_COMPILATION_CONDITIONS = DEBUG;
				SWIFT_OPTIMIZATION_LEVEL = "-Onone";
			};
			name = Debug;
		};
		CA327D45204F3DC50076C9F0 /* Release */ = {
			isa = XCBuildConfiguration;
			buildSettings = {
				ALWAYS_SEARCH_USER_PATHS = NO;
				CLANG_ANALYZER_NONNULL = YES;
				CLANG_ANALYZER_NUMBER_OBJECT_CONVERSION = YES_AGGRESSIVE;
				CLANG_CXX_LANGUAGE_STANDARD = "gnu++14";
				CLANG_CXX_LIBRARY = "libc++";
				CLANG_ENABLE_MODULES = YES;
				CLANG_ENABLE_OBJC_ARC = YES;
				CLANG_WARN_BLOCK_CAPTURE_AUTORELEASING = YES;
				CLANG_WARN_BOOL_CONVERSION = YES;
				CLANG_WARN_COMMA = YES;
				CLANG_WARN_CONSTANT_CONVERSION = YES;
				CLANG_WARN_DIRECT_OBJC_ISA_USAGE = YES_ERROR;
				CLANG_WARN_DOCUMENTATION_COMMENTS = YES;
				CLANG_WARN_EMPTY_BODY = YES;
				CLANG_WARN_ENUM_CONVERSION = YES;
				CLANG_WARN_INFINITE_RECURSION = YES;
				CLANG_WARN_INT_CONVERSION = YES;
				CLANG_WARN_NON_LITERAL_NULL_CONVERSION = YES;
				CLANG_WARN_OBJC_LITERAL_CONVERSION = YES;
				CLANG_WARN_OBJC_ROOT_CLASS = YES_ERROR;
				CLANG_WARN_RANGE_LOOP_ANALYSIS = YES;
				CLANG_WARN_STRICT_PROTOTYPES = YES;
				CLANG_WARN_SUSPICIOUS_MOVE = YES;
				CLANG_WARN_UNGUARDED_AVAILABILITY = YES_AGGRESSIVE;
				CLANG_WARN_UNREACHABLE_CODE = YES;
				CLANG_WARN__DUPLICATE_METHOD_MATCH = YES;
				CODE_SIGN_IDENTITY = "iPhone Developer";
				COPY_PHASE_STRIP = NO;
				DEBUG_INFORMATION_FORMAT = "dwarf-with-dsym";
				ENABLE_NS_ASSERTIONS = NO;
				ENABLE_STRICT_OBJC_MSGSEND = YES;
				GCC_C_LANGUAGE_STANDARD = gnu11;
				GCC_NO_COMMON_BLOCKS = YES;
				GCC_WARN_64_TO_32_BIT_CONVERSION = YES;
				GCC_WARN_ABOUT_RETURN_TYPE = YES_ERROR;
				GCC_WARN_UNDECLARED_SELECTOR = YES;
				GCC_WARN_UNINITIALIZED_AUTOS = YES_AGGRESSIVE;
				GCC_WARN_UNUSED_FUNCTION = YES;
				GCC_WARN_UNUSED_VARIABLE = YES;
				IPHONEOS_DEPLOYMENT_TARGET = 11.2;
				MTL_ENABLE_DEBUG_INFO = NO;
				SDKROOT = iphoneos;
				SWIFT_OPTIMIZATION_LEVEL = "-Owholemodule";
				VALIDATE_PRODUCT = YES;
			};
			name = Release;
		};
		CA327D47204F3DC50076C9F0 /* Debug */ = {
			isa = XCBuildConfiguration;
			buildSettings = {
				ASSETCATALOG_COMPILER_APPICON_NAME = AppIcon;
				CODE_SIGN_STYLE = Automatic;
				DEVELOPMENT_TEAM = PST2WR7437;
				INFOPLIST_FILE = MedVents/Info.plist;
				LD_RUNPATH_SEARCH_PATHS = "$(inherited) @executable_path/Frameworks";
				PRODUCT_BUNDLE_IDENTIFIER = swifty.defrance.MedVents;
				PRODUCT_NAME = "$(TARGET_NAME)";
				SWIFT_VERSION = 4.0;
				TARGETED_DEVICE_FAMILY = "1,2";
			};
			name = Debug;
		};
		CA327D48204F3DC50076C9F0 /* Release */ = {
			isa = XCBuildConfiguration;
			buildSettings = {
				ASSETCATALOG_COMPILER_APPICON_NAME = AppIcon;
				CODE_SIGN_STYLE = Automatic;
				DEVELOPMENT_TEAM = PST2WR7437;
				INFOPLIST_FILE = MedVents/Info.plist;
				LD_RUNPATH_SEARCH_PATHS = "$(inherited) @executable_path/Frameworks";
				PRODUCT_BUNDLE_IDENTIFIER = swifty.defrance.MedVents;
				PRODUCT_NAME = "$(TARGET_NAME)";
				SWIFT_VERSION = 4.0;
				TARGETED_DEVICE_FAMILY = "1,2";
			};
			name = Release;
		};
/* End XCBuildConfiguration section */

/* Begin XCConfigurationList section */
		CA327D2F204F3DC50076C9F0 /* Build configuration list for PBXProject "MedVents" */ = {
			isa = XCConfigurationList;
			buildConfigurations = (
				CA327D44204F3DC50076C9F0 /* Debug */,
				CA327D45204F3DC50076C9F0 /* Release */,
			);
			defaultConfigurationIsVisible = 0;
			defaultConfigurationName = Release;
		};
		CA327D46204F3DC50076C9F0 /* Build configuration list for PBXNativeTarget "MedVents" */ = {
			isa = XCConfigurationList;
			buildConfigurations = (
				CA327D47204F3DC50076C9F0 /* Debug */,
				CA327D48204F3DC50076C9F0 /* Release */,
			);
			defaultConfigurationIsVisible = 0;
			defaultConfigurationName = Release;
		};
/* End XCConfigurationList section */
	};
	rootObject = CA327D2C204F3DC50076C9F0 /* Project object */;
}
